
Microsoft Visual Studio Solution File, Format Version 12.00
# Visual Studio Version 17
VisualStudioVersion = 17.3.32825.248
MinimumVisualStudioVersion = 10.0.40219.1
Project("{9A19103F-16F7-4668-BE54-9A1E7A4F7556}") = "MyProject.Repositories", "MyProject.Repositories\MyProject.Repositories.csproj", "{F8FCFE2E-6E41-466F-8D34-2028E8D4D1B6}"
EndProject
Project("{9A19103F-16F7-4668-BE54-9A1E7A4F7556}") = "MyProject.Mock", "MyProject.Mock\MyProject.Mock.csproj", "{49F22CC4-8019-4CE2-8E55-236AAA6922CE}"
EndProject
Project("{9A19103F-16F7-4668-BE54-9A1E7A4F7556}") = "MyProject.WebAPI", "MyProject.WebAPI\MyProject.WebAPI.csproj", "{6DDCECED-4FBE-43F6-ABE8-5689E129E1C5}"
EndProject
Project("{9A19103F-16F7-4668-BE54-9A1E7A4F7556}") = "MyProject.Common", "MyProject.Common\MyProject.Common.csproj", "{5CD53098-E575-4851-8CCC-BE5F580CD8CC}"
EndProject
Project("{9A19103F-16F7-4668-BE54-9A1E7A4F7556}") = "MyProject.Services", "MyProject.Services\MyProject.Services.csproj", "{7D49FE04-7EFC-4F92-AD64-88694B41A942}"
EndProject
Project("{FAE04EC0-301F-11D3-BF4B-00C04F79EFBC}") = "MyProject.MyContext", "MyProject.MyContext\MyProject.MyContext.csproj", "{A0912BC8-8473-4750-8214-11BA157E187A}"
EndProject
Global
	GlobalSection(SolutionConfigurationPlatforms) = preSolution
		Debug|Any CPU = Debug|Any CPU
		Release|Any CPU = Release|Any CPU
	EndGlobalSection
	GlobalSection(ProjectConfigurationPlatforms) = postSolution
		{F8FCFE2E-6E41-466F-8D34-2028E8D4D1B6}.Debug|Any CPU.ActiveCfg = Debug|Any CPU
		{F8FCFE2E-6E41-466F-8D34-2028E8D4D1B6}.Debug|Any CPU.Build.0 = Debug|Any CPU
		{F8FCFE2E-6E41-466F-8D34-2028E8D4D1B6}.Release|Any CPU.ActiveCfg = Release|Any CPU
		{F8FCFE2E-6E41-466F-8D34-2028E8D4D1B6}.Release|Any CPU.Build.0 = Release|Any CPU
		{49F22CC4-8019-4CE2-8E55-236AAA6922CE}.Debug|Any CPU.ActiveCfg = Debug|Any CPU
		{49F22CC4-8019-4CE2-8E55-236AAA6922CE}.Debug|Any CPU.Build.0 = Debug|Any CPU
		{49F22CC4-8019-4CE2-8E55-236AAA6922CE}.Release|Any CPU.ActiveCfg = Release|Any CPU
		{49F22CC4-8019-4CE2-8E55-236AAA6922CE}.Release|Any CPU.Build.0 = Release|Any CPU
		{6DDCECED-4FBE-43F6-ABE8-5689E129E1C5}.Debug|Any CPU.ActiveCfg = Debug|Any CPU
		{6DDCECED-4FBE-43F6-ABE8-5689E129E1C5}.Debug|Any CPU.Build.0 = Debug|Any CPU
		{6DDCECED-4FBE-43F6-ABE8-5689E129E1C5}.Release|Any CPU.ActiveCfg = Release|Any CPU
		{6DDCECED-4FBE-43F6-ABE8-5689E129E1C5}.Release|Any CPU.Build.0 = Release|Any CPU
		{5CD53098-E575-4851-8CCC-BE5F580CD8CC}.Debug|Any CPU.ActiveCfg = Debug|Any CPU
		{5CD53098-E575-4851-8CCC-BE5F580CD8CC}.Debug|Any CPU.Build.0 = Debug|Any CPU
		{5CD53098-E575-4851-8CCC-BE5F580CD8CC}.Release|Any CPU.ActiveCfg = Release|Any CPU
		{5CD53098-E575-4851-8CCC-BE5F580CD8CC}.Release|Any CPU.Build.0 = Release|Any CPU
		{7D49FE04-7EFC-4F92-AD64-88694B41A942}.Debug|Any CPU.ActiveCfg = Debug|Any CPU
		{7D49FE04-7EFC-4F92-AD64-88694B41A942}.Debug|Any CPU.Build.0 = Debug|Any CPU
		{7D49FE04-7EFC-4F92-AD64-88694B41A942}.Release|Any CPU.ActiveCfg = Release|Any CPU
		{7D49FE04-7EFC-4F92-AD64-88694B41A942}.Release|Any CPU.Build.0 = Release|Any CPU
		{A0912BC8-8473-4750-8214-11BA157E187A}.Debug|Any CPU.ActiveCfg = Debug|Any CPU
		{A0912BC8-8473-4750-8214-11BA157E187A}.Debug|Any CPU.Build.0 = Debug|Any CPU
		{A0912BC8-8473-4750-8214-11BA157E187A}.Release|Any CPU.ActiveCfg = Release|Any CPU
		{A0912BC8-8473-4750-8214-11BA157E187A}.Release|Any CPU.Build.0 = Release|Any CPU
	EndGlobalSection
	GlobalSection(SolutionProperties) = preSolution
		HideSolutionNode = FALSE
	EndGlobalSection
	GlobalSection(ExtensibilityGlobals) = postSolution
		SolutionGuid = {47A5C05F-DAD7-499A-A7AD-D5FD348B4457}
	EndGlobalSection
EndGlobal
